// !$*UTF8*$!
{
	archiveVersion = 1;
	classes = {
	};
	objectVersion = 46;
	objects = {

/* Begin PBXBuildFile section */
		0608C2F01601E67500E63E7B /* MISearchViewController.m in Sources */ = {isa = PBXBuildFile; fileRef = 0608C2EE1601E67500E63E7B /* MISearchViewController.m */; };
		0608C2F11601E67500E63E7B /* MISearchViewController.xib in Resources */ = {isa = PBXBuildFile; fileRef = 0608C2EF1601E67500E63E7B /* MISearchViewController.xib */; };
		0608C3041602011100E63E7B /* MISearchClass.m in Sources */ = {isa = PBXBuildFile; fileRef = 0608C3031602011100E63E7B /* MISearchClass.m */; };
		061ABF841604A7FC00F2BA5E /* MIAnnotationClass.m in Sources */ = {isa = PBXBuildFile; fileRef = 061ABF831604A7FC00F2BA5E /* MIAnnotationClass.m */; };
		061FAA7C16007865001F8883 /* MIMapPoint.m in Sources */ = {isa = PBXBuildFile; fileRef = 061FAA7B16007865001F8883 /* MIMapPoint.m */; };
		061FAA8C1600A008001F8883 /* MIScrollView.m in Sources */ = {isa = PBXBuildFile; fileRef = 061FAA8B1600A008001F8883 /* MIScrollView.m */; };
		0625D1C81604925500D239BF /* Airport2.jpg in Resources */ = {isa = PBXBuildFile; fileRef = 0625D1C71604925500D239BF /* Airport2.jpg */; };
		0625D1CB1604954C00D239BF /* MIAnnotationDetailViewController.m in Sources */ = {isa = PBXBuildFile; fileRef = 0625D1CA1604954C00D239BF /* MIAnnotationDetailViewController.m */; };
		0649FDA61600C21B00A16AC5 /* MISettingViewController.m in Sources */ = {isa = PBXBuildFile; fileRef = 0649FDA51600C21B00A16AC5 /* MISettingViewController.m */; };
		0657A41416087CD900DA5B63 /* MIGetLocationViewController.m in Sources */ = {isa = PBXBuildFile; fileRef = 0657A41316087CD900DA5B63 /* MIGetLocationViewController.m */; };
		066EF09A163957C9002F9108 /* Default-568h@2x.png in Resources */ = {isa = PBXBuildFile; fileRef = 066EF099163957C9002F9108 /* Default-568h@2x.png */; };
		068220A11608961500760D2F /* MILocationClass.m in Sources */ = {isa = PBXBuildFile; fileRef = 068220A01608961500760D2F /* MILocationClass.m */; };
		0686432216A9650900FDF94D /* PAWActivityView.m in Sources */ = {isa = PBXBuildFile; fileRef = 0686432116A9650900FDF94D /* PAWActivityView.m */; };
		068B876F160C4BE3003D655F /* icon_currentLocation.png in Resources */ = {isa = PBXBuildFile; fileRef = 068B876E160C4BE3003D655F /* icon_currentLocation.png */; };
		068B8773160C5D5B003D655F /* location_map.png in Resources */ = {isa = PBXBuildFile; fileRef = 068B8770160C5D5B003D655F /* location_map.png */; };
		068B8774160C5D5B003D655F /* location_list.png in Resources */ = {isa = PBXBuildFile; fileRef = 068B8771160C5D5B003D655F /* location_list.png */; };
		068B8775160C5D5B003D655F /* direction.png in Resources */ = {isa = PBXBuildFile; fileRef = 068B8772160C5D5B003D655F /* direction.png */; };
		068B8783160C6F35003D655F /* setting.png in Resources */ = {isa = PBXBuildFile; fileRef = 068B8782160C6F35003D655F /* setting.png */; };
		068B8786160C73B0003D655F /* btn_title.png in Resources */ = {isa = PBXBuildFile; fileRef = 068B8785160C73B0003D655F /* btn_title.png */; };
		068B878C160C8477003D655F /* share.png in Resources */ = {isa = PBXBuildFile; fileRef = 068B8787160C8477003D655F /* share.png */; };
		068B878D160C8477003D655F /* sms.png in Resources */ = {isa = PBXBuildFile; fileRef = 068B8788160C8477003D655F /* sms.png */; };
		068B878E160C8477003D655F /* website.png in Resources */ = {isa = PBXBuildFile; fileRef = 068B8789160C8477003D655F /* website.png */; };
		068B8790160C8477003D655F /* phone.png in Resources */ = {isa = PBXBuildFile; fileRef = 068B878B160C8477003D655F /* phone.png */; };
		068B8795160C86D3003D655F /* email.png in Resources */ = {isa = PBXBuildFile; fileRef = 068B8794160C86D3003D655F /* email.png */; };
		068B8797160C8723003D655F /* tweet.png in Resources */ = {isa = PBXBuildFile; fileRef = 068B8796160C8723003D655F /* tweet.png */; };
		068B879D160C937C003D655F /* detail.png in Resources */ = {isa = PBXBuildFile; fileRef = 068B879C160C937C003D655F /* detail.png */; };
		068B87AA160CA047003D655F /* icon.png in Resources */ = {isa = PBXBuildFile; fileRef = 068B87A9160CA047003D655F /* icon.png */; };
		068B87AC160CA04B003D655F /* icon@2x.png in Resources */ = {isa = PBXBuildFile; fileRef = 068B87AB160CA04B003D655F /* icon@2x.png */; };
		069D816616A9284C004605E1 /* Parse.framework in Frameworks */ = {isa = PBXBuildFile; fileRef = 069D816516A9284C004605E1 /* Parse.framework */; };
		069D816816A928C2004605E1 /* AudioToolbox.framework in Frameworks */ = {isa = PBXBuildFile; fileRef = 069D816716A928C2004605E1 /* AudioToolbox.framework */; };
		069D816A16A928CB004605E1 /* Accounts.framework in Frameworks */ = {isa = PBXBuildFile; fileRef = 069D816916A928CB004605E1 /* Accounts.framework */; settings = {ATTRIBUTES = (Weak, ); }; };
		069D816C16A928DB004605E1 /* AdSupport.framework in Frameworks */ = {isa = PBXBuildFile; fileRef = 069D816B16A928DB004605E1 /* AdSupport.framework */; };
		069D816E16A928E6004605E1 /* CFNetwork.framework in Frameworks */ = {isa = PBXBuildFile; fileRef = 069D816D16A928E6004605E1 /* CFNetwork.framework */; };
		069D817016A9290E004605E1 /* libsqlite3.dylib in Frameworks */ = {isa = PBXBuildFile; fileRef = 069D816F16A9290E004605E1 /* libsqlite3.dylib */; };
		069D817216A92917004605E1 /* libz.1.1.3.dylib in Frameworks */ = {isa = PBXBuildFile; fileRef = 069D817116A92917004605E1 /* libz.1.1.3.dylib */; };
		069D817416A92920004605E1 /* MobileCoreServices.framework in Frameworks */ = {isa = PBXBuildFile; fileRef = 069D817316A92920004605E1 /* MobileCoreServices.framework */; };
		069D817616A92931004605E1 /* QuartzCore.framework in Frameworks */ = {isa = PBXBuildFile; fileRef = 069D817516A92931004605E1 /* QuartzCore.framework */; };
		069D817816A9294E004605E1 /* Security.framework in Frameworks */ = {isa = PBXBuildFile; fileRef = 069D817716A9294E004605E1 /* Security.framework */; };
		069D817A16A92959004605E1 /* Social.framework in Frameworks */ = {isa = PBXBuildFile; fileRef = 069D817916A92959004605E1 /* Social.framework */; settings = {ATTRIBUTES = (Weak, ); }; };
		069D817C16A92960004605E1 /* StoreKit.framework in Frameworks */ = {isa = PBXBuildFile; fileRef = 069D817B16A92960004605E1 /* StoreKit.framework */; };
		069D817E16A92A88004605E1 /* SystemConfiguration.framework in Frameworks */ = {isa = PBXBuildFile; fileRef = 069D817D16A92A88004605E1 /* SystemConfiguration.framework */; };
		069D818716A95570004605E1 /* TPKeyboardAvoidingScrollView.m in Sources */ = {isa = PBXBuildFile; fileRef = 069D818616A95570004605E1 /* TPKeyboardAvoidingScrollView.m */; };
		069D818C16A95FA8004605E1 /* MISignUPViewController.m in Sources */ = {isa = PBXBuildFile; fileRef = 069D818B16A95FA8004605E1 /* MISignUPViewController.m */; };
		06CE761B1602FD79005916DA /* MIMapDataViewController.m in Sources */ = {isa = PBXBuildFile; fileRef = 06CE761A1602FD79005916DA /* MIMapDataViewController.m */; };
		06CE762016030023005916DA /* MIDataClass.m in Sources */ = {isa = PBXBuildFile; fileRef = 06CE761F16030023005916DA /* MIDataClass.m */; };
		06E0EAD21600589E00185617 /* UIKit.framework in Frameworks */ = {isa = PBXBuildFile; fileRef = 06E0EAD11600589E00185617 /* UIKit.framework */; };
		06E0EAD41600589E00185617 /* Foundation.framework in Frameworks */ = {isa = PBXBuildFile; fileRef = 06E0EAD31600589E00185617 /* Foundation.framework */; };
		06E0EAD61600589E00185617 /* CoreGraphics.framework in Frameworks */ = {isa = PBXBuildFile; fileRef = 06E0EAD51600589E00185617 /* CoreGraphics.framework */; };
		06E0EADC1600589E00185617 /* InfoPlist.strings in Resources */ = {isa = PBXBuildFile; fileRef = 06E0EADA1600589E00185617 /* InfoPlist.strings */; };
		06E0EADE1600589E00185617 /* main.m in Sources */ = {isa = PBXBuildFile; fileRef = 06E0EADD1600589E00185617 /* main.m */; };
		06E0EAE21600589E00185617 /* MIAppDelegate.m in Sources */ = {isa = PBXBuildFile; fileRef = 06E0EAE11600589E00185617 /* MIAppDelegate.m */; };
		06E0EAE51600589E00185617 /* MainStoryboard.storyboard in Resources */ = {isa = PBXBuildFile; fileRef = 06E0EAE31600589E00185617 /* MainStoryboard.storyboard */; };
		06E0EAE81600589F00185617 /* MIViewController.m in Sources */ = {isa = PBXBuildFile; fileRef = 06E0EAE71600589F00185617 /* MIViewController.m */; };
		06E0EAEF1600598100185617 /* CoreLocation.framework in Frameworks */ = {isa = PBXBuildFile; fileRef = 06E0EAEE1600598100185617 /* CoreLocation.framework */; };
		06E0EAF11600598A00185617 /* MapKit.framework in Frameworks */ = {isa = PBXBuildFile; fileRef = 06E0EAF01600598A00185617 /* MapKit.framework */; };
		06F0333F160845EA0016905A /* MIHomeViewController.m in Sources */ = {isa = PBXBuildFile; fileRef = 06F0333E160845EA0016905A /* MIHomeViewController.m */; };
		28F5810E160B9FCC001E642C /* MessageUI.framework in Frameworks */ = {isa = PBXBuildFile; fileRef = 28F5810D160B9FCC001E642C /* MessageUI.framework */; };
		28F58111160BA538001E642C /* Twitter.framework in Frameworks */ = {isa = PBXBuildFile; fileRef = 28F58110160BA538001E642C /* Twitter.framework */; };
/* End PBXBuildFile section */

/* Begin PBXFileReference section */
		0608C2ED1601E67500E63E7B /* MISearchViewController.h */ = {isa = PBXFileReference; fileEncoding = 4; lastKnownFileType = sourcecode.c.h; path = MISearchViewController.h; sourceTree = "<group>"; };
		0608C2EE1601E67500E63E7B /* MISearchViewController.m */ = {isa = PBXFileReference; fileEncoding = 4; lastKnownFileType = sourcecode.c.objc; path = MISearchViewController.m; sourceTree = "<group>"; };
		0608C2EF1601E67500E63E7B /* MISearchViewController.xib */ = {isa = PBXFileReference; fileEncoding = 4; lastKnownFileType = file.xib; path = MISearchViewController.xib; sourceTree = "<group>"; };
		0608C3021602011100E63E7B /* MISearchClass.h */ = {isa = PBXFileReference; fileEncoding = 4; lastKnownFileType = sourcecode.c.h; path = MISearchClass.h; sourceTree = "<group>"; };
		0608C3031602011100E63E7B /* MISearchClass.m */ = {isa = PBXFileReference; fileEncoding = 4; lastKnownFileType = sourcecode.c.objc; path = MISearchClass.m; sourceTree = "<group>"; };
		061ABF821604A7FC00F2BA5E /* MIAnnotationClass.h */ = {isa = PBXFileReference; fileEncoding = 4; lastKnownFileType = sourcecode.c.h; path = MIAnnotationClass.h; sourceTree = "<group>"; };
		061ABF831604A7FC00F2BA5E /* MIAnnotationClass.m */ = {isa = PBXFileReference; fileEncoding = 4; lastKnownFileType = sourcecode.c.objc; path = MIAnnotationClass.m; sourceTree = "<group>"; };
		061FAA7A16007865001F8883 /* MIMapPoint.h */ = {isa = PBXFileReference; fileEncoding = 4; lastKnownFileType = sourcecode.c.h; path = MIMapPoint.h; sourceTree = "<group>"; };
		061FAA7B16007865001F8883 /* MIMapPoint.m */ = {isa = PBXFileReference; fileEncoding = 4; lastKnownFileType = sourcecode.c.objc; path = MIMapPoint.m; sourceTree = "<group>"; };
		061FAA8A1600A008001F8883 /* MIScrollView.h */ = {isa = PBXFileReference; fileEncoding = 4; lastKnownFileType = sourcecode.c.h; path = MIScrollView.h; sourceTree = "<group>"; };
		061FAA8B1600A008001F8883 /* MIScrollView.m */ = {isa = PBXFileReference; fileEncoding = 4; lastKnownFileType = sourcecode.c.objc; path = MIScrollView.m; sourceTree = "<group>"; };
		0625D1C71604925500D239BF /* Airport2.jpg */ = {isa = PBXFileReference; lastKnownFileType = image.jpeg; path = Airport2.jpg; sourceTree = "<group>"; };
		0625D1C91604954C00D239BF /* MIAnnotationDetailViewController.h */ = {isa = PBXFileReference; fileEncoding = 4; lastKnownFileType = sourcecode.c.h; path = MIAnnotationDetailViewController.h; sourceTree = "<group>"; };
		0625D1CA1604954C00D239BF /* MIAnnotationDetailViewController.m */ = {isa = PBXFileReference; fileEncoding = 4; lastKnownFileType = sourcecode.c.objc; path = MIAnnotationDetailViewController.m; sourceTree = "<group>"; };
		0649FDA41600C21B00A16AC5 /* MISettingViewController.h */ = {isa = PBXFileReference; fileEncoding = 4; lastKnownFileType = sourcecode.c.h; path = MISettingViewController.h; sourceTree = "<group>"; };
		0649FDA51600C21B00A16AC5 /* MISettingViewController.m */ = {isa = PBXFileReference; fileEncoding = 4; lastKnownFileType = sourcecode.c.objc; path = MISettingViewController.m; sourceTree = "<group>"; };
		0657A41216087CD900DA5B63 /* MIGetLocationViewController.h */ = {isa = PBXFileReference; fileEncoding = 4; lastKnownFileType = sourcecode.c.h; path = MIGetLocationViewController.h; sourceTree = "<group>"; };
		0657A41316087CD900DA5B63 /* MIGetLocationViewController.m */ = {isa = PBXFileReference; fileEncoding = 4; lastKnownFileType = sourcecode.c.objc; path = MIGetLocationViewController.m; sourceTree = "<group>"; };
		066EF099163957C9002F9108 /* Default-568h@2x.png */ = {isa = PBXFileReference; lastKnownFileType = image.png; path = "Default-568h@2x.png"; sourceTree = "<group>"; };
		0682209F1608961500760D2F /* MILocationClass.h */ = {isa = PBXFileReference; fileEncoding = 4; lastKnownFileType = sourcecode.c.h; path = MILocationClass.h; sourceTree = "<group>"; };
		068220A01608961500760D2F /* MILocationClass.m */ = {isa = PBXFileReference; fileEncoding = 4; lastKnownFileType = sourcecode.c.objc; path = MILocationClass.m; sourceTree = "<group>"; };
		0686432016A9650900FDF94D /* PAWActivityView.h */ = {isa = PBXFileReference; fileEncoding = 4; lastKnownFileType = sourcecode.c.h; path = PAWActivityView.h; sourceTree = "<group>"; };
		0686432116A9650900FDF94D /* PAWActivityView.m */ = {isa = PBXFileReference; fileEncoding = 4; lastKnownFileType = sourcecode.c.objc; path = PAWActivityView.m; sourceTree = "<group>"; };
		068B876E160C4BE3003D655F /* icon_currentLocation.png */ = {isa = PBXFileReference; lastKnownFileType = image.png; path = icon_currentLocation.png; sourceTree = "<group>"; };
		068B8770160C5D5B003D655F /* location_map.png */ = {isa = PBXFileReference; lastKnownFileType = image.png; path = location_map.png; sourceTree = "<group>"; };
		068B8771160C5D5B003D655F /* location_list.png */ = {isa = PBXFileReference; lastKnownFileType = image.png; path = location_list.png; sourceTree = "<group>"; };
		068B8772160C5D5B003D655F /* direction.png */ = {isa = PBXFileReference; lastKnownFileType = image.png; path = direction.png; sourceTree = "<group>"; };
		068B8782160C6F35003D655F /* setting.png */ = {isa = PBXFileReference; lastKnownFileType = image.png; path = setting.png; sourceTree = "<group>"; };
		068B8785160C73B0003D655F /* btn_title.png */ = {isa = PBXFileReference; lastKnownFileType = image.png; path = btn_title.png; sourceTree = "<group>"; };
		068B8787160C8477003D655F /* share.png */ = {isa = PBXFileReference; lastKnownFileType = image.png; path = share.png; sourceTree = "<group>"; };
		068B8788160C8477003D655F /* sms.png */ = {isa = PBXFileReference; lastKnownFileType = image.png; path = sms.png; sourceTree = "<group>"; };
		068B8789160C8477003D655F /* website.png */ = {isa = PBXFileReference; lastKnownFileType = image.png; path = website.png; sourceTree = "<group>"; };
		068B878B160C8477003D655F /* phone.png */ = {isa = PBXFileReference; lastKnownFileType = image.png; path = phone.png; sourceTree = "<group>"; };
		068B8794160C86D3003D655F /* email.png */ = {isa = PBXFileReference; lastKnownFileType = image.png; path = email.png; sourceTree = "<group>"; };
		068B8796160C8723003D655F /* tweet.png */ = {isa = PBXFileReference; lastKnownFileType = image.png; path = tweet.png; sourceTree = "<group>"; };
		068B879C160C937C003D655F /* detail.png */ = {isa = PBXFileReference; lastKnownFileType = image.png; path = detail.png; sourceTree = "<group>"; };
		068B87A9160CA047003D655F /* icon.png */ = {isa = PBXFileReference; lastKnownFileType = image.png; name = icon.png; path = ../icon.png; sourceTree = "<group>"; };
		068B87AB160CA04B003D655F /* icon@2x.png */ = {isa = PBXFileReference; lastKnownFileType = image.png; name = "icon@2x.png"; path = "../icon@2x.png"; sourceTree = "<group>"; };
		069D816516A9284C004605E1 /* Parse.framework */ = {isa = PBXFileReference; lastKnownFileType = wrapper.framework; name = Parse.framework; path = "Map-India/Parse.framework"; sourceTree = "<group>"; };
		069D816716A928C2004605E1 /* AudioToolbox.framework */ = {isa = PBXFileReference; lastKnownFileType = wrapper.framework; name = AudioToolbox.framework; path = System/Library/Frameworks/AudioToolbox.framework; sourceTree = SDKROOT; };
		069D816916A928CB004605E1 /* Accounts.framework */ = {isa = PBXFileReference; lastKnownFileType = wrapper.framework; name = Accounts.framework; path = System/Library/Frameworks/Accounts.framework; sourceTree = SDKROOT; };
		069D816B16A928DB004605E1 /* AdSupport.framework */ = {isa = PBXFileReference; lastKnownFileType = wrapper.framework; name = AdSupport.framework; path = System/Library/Frameworks/AdSupport.framework; sourceTree = SDKROOT; };
		069D816D16A928E6004605E1 /* CFNetwork.framework */ = {isa = PBXFileReference; lastKnownFileType = wrapper.framework; name = CFNetwork.framework; path = System/Library/Frameworks/CFNetwork.framework; sourceTree = SDKROOT; };
		069D816F16A9290E004605E1 /* libsqlite3.dylib */ = {isa = PBXFileReference; lastKnownFileType = "compiled.mach-o.dylib"; name = libsqlite3.dylib; path = usr/lib/libsqlite3.dylib; sourceTree = SDKROOT; };
		069D817116A92917004605E1 /* libz.1.1.3.dylib */ = {isa = PBXFileReference; lastKnownFileType = "compiled.mach-o.dylib"; name = libz.1.1.3.dylib; path = usr/lib/libz.1.1.3.dylib; sourceTree = SDKROOT; };
		069D817316A92920004605E1 /* MobileCoreServices.framework */ = {isa = PBXFileReference; lastKnownFileType = wrapper.framework; name = MobileCoreServices.framework; path = System/Library/Frameworks/MobileCoreServices.framework; sourceTree = SDKROOT; };
		069D817516A92931004605E1 /* QuartzCore.framework */ = {isa = PBXFileReference; lastKnownFileType = wrapper.framework; name = QuartzCore.framework; path = System/Library/Frameworks/QuartzCore.framework; sourceTree = SDKROOT; };
		069D817716A9294E004605E1 /* Security.framework */ = {isa = PBXFileReference; lastKnownFileType = wrapper.framework; name = Security.framework; path = System/Library/Frameworks/Security.framework; sourceTree = SDKROOT; };
		069D817916A92959004605E1 /* Social.framework */ = {isa = PBXFileReference; lastKnownFileType = wrapper.framework; name = Social.framework; path = System/Library/Frameworks/Social.framework; sourceTree = SDKROOT; };
		069D817B16A92960004605E1 /* StoreKit.framework */ = {isa = PBXFileReference; lastKnownFileType = wrapper.framework; name = StoreKit.framework; path = System/Library/Frameworks/StoreKit.framework; sourceTree = SDKROOT; };
		069D817D16A92A88004605E1 /* SystemConfiguration.framework */ = {isa = PBXFileReference; lastKnownFileType = wrapper.framework; name = SystemConfiguration.framework; path = System/Library/Frameworks/SystemConfiguration.framework; sourceTree = SDKROOT; };
		069D818516A95570004605E1 /* TPKeyboardAvoidingScrollView.h */ = {isa = PBXFileReference; fileEncoding = 4; lastKnownFileType = sourcecode.c.h; path = TPKeyboardAvoidingScrollView.h; sourceTree = "<group>"; };
		069D818616A95570004605E1 /* TPKeyboardAvoidingScrollView.m */ = {isa = PBXFileReference; fileEncoding = 4; lastKnownFileType = sourcecode.c.objc; path = TPKeyboardAvoidingScrollView.m; sourceTree = "<group>"; };
		069D818A16A95FA8004605E1 /* MISignUPViewController.h */ = {isa = PBXFileReference; fileEncoding = 4; lastKnownFileType = sourcecode.c.h; path = MISignUPViewController.h; sourceTree = "<group>"; };
		069D818B16A95FA8004605E1 /* MISignUPViewController.m */ = {isa = PBXFileReference; fileEncoding = 4; lastKnownFileType = sourcecode.c.objc; path = MISignUPViewController.m; sourceTree = "<group>"; };
		06CE76191602FD79005916DA /* MIMapDataViewController.h */ = {isa = PBXFileReference; fileEncoding = 4; lastKnownFileType = sourcecode.c.h; path = MIMapDataViewController.h; sourceTree = "<group>"; };
		06CE761A1602FD79005916DA /* MIMapDataViewController.m */ = {isa = PBXFileReference; fileEncoding = 4; lastKnownFileType = sourcecode.c.objc; path = MIMapDataViewController.m; sourceTree = "<group>"; };
		06CE761E16030023005916DA /* MIDataClass.h */ = {isa = PBXFileReference; fileEncoding = 4; lastKnownFileType = sourcecode.c.h; path = MIDataClass.h; sourceTree = "<group>"; };
		06CE761F16030023005916DA /* MIDataClass.m */ = {isa = PBXFileReference; fileEncoding = 4; lastKnownFileType = sourcecode.c.objc; path = MIDataClass.m; sourceTree = "<group>"; };
		06E0EACD1600589E00185617 /* Map-India.app */ = {isa = PBXFileReference; explicitFileType = wrapper.application; includeInIndex = 0; path = "Map-India.app"; sourceTree = BUILT_PRODUCTS_DIR; };
		06E0EAD11600589E00185617 /* UIKit.framework */ = {isa = PBXFileReference; lastKnownFileType = wrapper.framework; name = UIKit.framework; path = System/Library/Frameworks/UIKit.framework; sourceTree = SDKROOT; };
		06E0EAD31600589E00185617 /* Foundation.framework */ = {isa = PBXFileReference; lastKnownFileType = wrapper.framework; name = Foundation.framework; path = System/Library/Frameworks/Foundation.framework; sourceTree = SDKROOT; };
		06E0EAD51600589E00185617 /* CoreGraphics.framework */ = {isa = PBXFileReference; lastKnownFileType = wrapper.framework; name = CoreGraphics.framework; path = System/Library/Frameworks/CoreGraphics.framework; sourceTree = SDKROOT; };
		06E0EAD91600589E00185617 /* Map-India-Info.plist */ = {isa = PBXFileReference; lastKnownFileType = text.plist.xml; path = "Map-India-Info.plist"; sourceTree = "<group>"; };
		06E0EADB1600589E00185617 /* en */ = {isa = PBXFileReference; lastKnownFileType = text.plist.strings; name = en; path = en.lproj/InfoPlist.strings; sourceTree = "<group>"; };
		06E0EADD1600589E00185617 /* main.m */ = {isa = PBXFileReference; lastKnownFileType = sourcecode.c.objc; path = main.m; sourceTree = "<group>"; };
		06E0EADF1600589E00185617 /* Map-India-Prefix.pch */ = {isa = PBXFileReference; lastKnownFileType = sourcecode.c.h; path = "Map-India-Prefix.pch"; sourceTree = "<group>"; };
		06E0EAE01600589E00185617 /* MIAppDelegate.h */ = {isa = PBXFileReference; lastKnownFileType = sourcecode.c.h; path = MIAppDelegate.h; sourceTree = "<group>"; };
		06E0EAE11600589E00185617 /* MIAppDelegate.m */ = {isa = PBXFileReference; lastKnownFileType = sourcecode.c.objc; path = MIAppDelegate.m; sourceTree = "<group>"; };
		06E0EAE41600589E00185617 /* en */ = {isa = PBXFileReference; lastKnownFileType = file.storyboard; name = en; path = en.lproj/MainStoryboard.storyboard; sourceTree = "<group>"; };
		06E0EAE61600589F00185617 /* MIViewController.h */ = {isa = PBXFileReference; lastKnownFileType = sourcecode.c.h; path = MIViewController.h; sourceTree = "<group>"; };
		06E0EAE71600589F00185617 /* MIViewController.m */ = {isa = PBXFileReference; lastKnownFileType = sourcecode.c.objc; path = MIViewController.m; sourceTree = "<group>"; };
		06E0EAEE1600598100185617 /* CoreLocation.framework */ = {isa = PBXFileReference; lastKnownFileType = wrapper.framework; name = CoreLocation.framework; path = System/Library/Frameworks/CoreLocation.framework; sourceTree = SDKROOT; };
		06E0EAF01600598A00185617 /* MapKit.framework */ = {isa = PBXFileReference; lastKnownFileType = wrapper.framework; name = MapKit.framework; path = System/Library/Frameworks/MapKit.framework; sourceTree = SDKROOT; };
		06F0333D160845EA0016905A /* MIHomeViewController.h */ = {isa = PBXFileReference; fileEncoding = 4; lastKnownFileType = sourcecode.c.h; path = MIHomeViewController.h; sourceTree = "<group>"; };
		06F0333E160845EA0016905A /* MIHomeViewController.m */ = {isa = PBXFileReference; fileEncoding = 4; lastKnownFileType = sourcecode.c.objc; path = MIHomeViewController.m; sourceTree = "<group>"; };
		28F5810D160B9FCC001E642C /* MessageUI.framework */ = {isa = PBXFileReference; lastKnownFileType = wrapper.framework; name = MessageUI.framework; path = System/Library/Frameworks/MessageUI.framework; sourceTree = SDKROOT; };
		28F58110160BA538001E642C /* Twitter.framework */ = {isa = PBXFileReference; lastKnownFileType = wrapper.framework; name = Twitter.framework; path = System/Library/Frameworks/Twitter.framework; sourceTree = SDKROOT; };
/* End PBXFileReference section */

/* Begin PBXFrameworksBuildPhase section */
		06E0EACA1600589E00185617 /* Frameworks */ = {
			isa = PBXFrameworksBuildPhase;
			buildActionMask = 2147483647;
			files = (
				069D817E16A92A88004605E1 /* SystemConfiguration.framework in Frameworks */,
				069D817C16A92960004605E1 /* StoreKit.framework in Frameworks */,
				069D817A16A92959004605E1 /* Social.framework in Frameworks */,
				069D817816A9294E004605E1 /* Security.framework in Frameworks */,
				069D817616A92931004605E1 /* QuartzCore.framework in Frameworks */,
				069D817416A92920004605E1 /* MobileCoreServices.framework in Frameworks */,
				069D817216A92917004605E1 /* libz.1.1.3.dylib in Frameworks */,
				069D817016A9290E004605E1 /* libsqlite3.dylib in Frameworks */,
				069D816E16A928E6004605E1 /* CFNetwork.framework in Frameworks */,
				069D816C16A928DB004605E1 /* AdSupport.framework in Frameworks */,
				069D816A16A928CB004605E1 /* Accounts.framework in Frameworks */,
				069D816816A928C2004605E1 /* AudioToolbox.framework in Frameworks */,
				28F58111160BA538001E642C /* Twitter.framework in Frameworks */,
				28F5810E160B9FCC001E642C /* MessageUI.framework in Frameworks */,
				06E0EAF11600598A00185617 /* MapKit.framework in Frameworks */,
				06E0EAEF1600598100185617 /* CoreLocation.framework in Frameworks */,
				06E0EAD21600589E00185617 /* UIKit.framework in Frameworks */,
				06E0EAD41600589E00185617 /* Foundation.framework in Frameworks */,
				06E0EAD61600589E00185617 /* CoreGraphics.framework in Frameworks */,
				069D816616A9284C004605E1 /* Parse.framework in Frameworks */,
			);
			runOnlyForDeploymentPostprocessing = 0;
		};
/* End PBXFrameworksBuildPhase section */

/* Begin PBXGroup section */
		0608C2E11601DFA400E63E7B /* Search */ = {
			isa = PBXGroup;
			children = (
				0608C2ED1601E67500E63E7B /* MISearchViewController.h */,
				0608C2EE1601E67500E63E7B /* MISearchViewController.m */,
				0608C2EF1601E67500E63E7B /* MISearchViewController.xib */,
				0608C3021602011100E63E7B /* MISearchClass.h */,
				0608C3031602011100E63E7B /* MISearchClass.m */,
			);
			name = Search;
			sourceTree = "<group>";
		};
		061FAA8516009F8D001F8883 /* Map-Point */ = {
			isa = PBXGroup;
			children = (
				061FAA7A16007865001F8883 /* MIMapPoint.h */,
				061FAA7B16007865001F8883 /* MIMapPoint.m */,
			);
			name = "Map-Point";
			sourceTree = "<group>";
		};
		061FAA8716009FA8001F8883 /* Home-Delegate */ = {
			isa = PBXGroup;
			children = (
				06E0EAE01600589E00185617 /* MIAppDelegate.h */,
				06E0EAE11600589E00185617 /* MIAppDelegate.m */,
				06F0333D160845EA0016905A /* MIHomeViewController.h */,
				06F0333E160845EA0016905A /* MIHomeViewController.m */,
			);
			name = "Home-Delegate";
			sourceTree = "<group>";
		};
		061FAA8816009FC7001F8883 /* resource */ = {
			isa = PBXGroup;
			children = (
				068B87AB160CA04B003D655F /* icon@2x.png */,
				068B87A9160CA047003D655F /* icon.png */,
				068B879C160C937C003D655F /* detail.png */,
				068B8796160C8723003D655F /* tweet.png */,
				068B8794160C86D3003D655F /* email.png */,
				068B8787160C8477003D655F /* share.png */,
				068B8788160C8477003D655F /* sms.png */,
				068B8789160C8477003D655F /* website.png */,
				068B878B160C8477003D655F /* phone.png */,
				068B8785160C73B0003D655F /* btn_title.png */,
				068B8770160C5D5B003D655F /* location_map.png */,
				068B8782160C6F35003D655F /* setting.png */,
				068B8771160C5D5B003D655F /* location_list.png */,
				068B8772160C5D5B003D655F /* direction.png */,
				068B876E160C4BE3003D655F /* icon_currentLocation.png */,
				0625D1C71604925500D239BF /* Airport2.jpg */,
			);
			name = resource;
			sourceTree = "<group>";
		};
		061FAA8916009FE2001F8883 /* scroll */ = {
			isa = PBXGroup;
			children = (
				061FAA8A1600A008001F8883 /* MIScrollView.h */,
				061FAA8B1600A008001F8883 /* MIScrollView.m */,
			);
			name = scroll;
			sourceTree = "<group>";
		};
		0625D1BD1604671600D239BF /* Annotation Deatail */ = {
			isa = PBXGroup;
			children = (
				0625D1C91604954C00D239BF /* MIAnnotationDetailViewController.h */,
				0625D1CA1604954C00D239BF /* MIAnnotationDetailViewController.m */,
				061ABF821604A7FC00F2BA5E /* MIAnnotationClass.h */,
				061ABF831604A7FC00F2BA5E /* MIAnnotationClass.m */,
			);
			name = "Annotation Deatail";
			sourceTree = "<group>";
		};
		0649FDA21600C1ED00A16AC5 /* Setting */ = {
			isa = PBXGroup;
			children = (
				0686431E16A964F500FDF94D /* Custom View */,
				069D818916A95F2A004605E1 /* Sign IN */,
				069D818816A95E07004605E1 /* Sign UP */,
			);
			name = Setting;
			sourceTree = "<group>";
		};
		0657A41016087C9700DA5B63 /* Location Get */ = {
			isa = PBXGroup;
			children = (
				0657A41216087CD900DA5B63 /* MIGetLocationViewController.h */,
				0657A41316087CD900DA5B63 /* MIGetLocationViewController.m */,
				0682209F1608961500760D2F /* MILocationClass.h */,
				068220A01608961500760D2F /* MILocationClass.m */,
			);
			name = "Location Get";
			sourceTree = "<group>";
		};
		0686431E16A964F500FDF94D /* Custom View */ = {
			isa = PBXGroup;
			children = (
				0686432016A9650900FDF94D /* PAWActivityView.h */,
				0686432116A9650900FDF94D /* PAWActivityView.m */,
			);
			name = "Custom View";
			sourceTree = "<group>";
		};
		069D816316A92808004605E1 /* Parse Files */ = {
			isa = PBXGroup;
			children = (
			);
			name = "Parse Files";
			sourceTree = "<group>";
		};
		069D817F16A92A9A004605E1 /* Storyboard */ = {
			isa = PBXGroup;
			children = (
				06E0EAE31600589E00185617 /* MainStoryboard.storyboard */,
			);
			name = Storyboard;
			sourceTree = "<group>";
		};
		069D818416A9554E004605E1 /* Avoid KeyBoard */ = {
			isa = PBXGroup;
			children = (
				069D818516A95570004605E1 /* TPKeyboardAvoidingScrollView.h */,
				069D818616A95570004605E1 /* TPKeyboardAvoidingScrollView.m */,
			);
			name = "Avoid KeyBoard";
			sourceTree = "<group>";
		};
		069D818816A95E07004605E1 /* Sign UP */ = {
			isa = PBXGroup;
			children = (
				069D818A16A95FA8004605E1 /* MISignUPViewController.h */,
				069D818B16A95FA8004605E1 /* MISignUPViewController.m */,
			);
			name = "Sign UP";
			sourceTree = "<group>";
		};
		069D818916A95F2A004605E1 /* Sign IN */ = {
			isa = PBXGroup;
			children = (
				0649FDA41600C21B00A16AC5 /* MISettingViewController.h */,
				0649FDA51600C21B00A16AC5 /* MISettingViewController.m */,
			);
			name = "Sign IN";
			sourceTree = "<group>";
		};
		06CE761D1602FFEF005916DA /* Map-Data */ = {
			isa = PBXGroup;
			children = (
				06E0EAE61600589F00185617 /* MIViewController.h */,
				06E0EAE71600589F00185617 /* MIViewController.m */,
			);
			name = "Map-Data";
			sourceTree = "<group>";
		};
		06E0EAC21600589E00185617 = {
			isa = PBXGroup;
			children = (
				066EF099163957C9002F9108 /* Default-568h@2x.png */,
				06E0EAD71600589E00185617 /* Map-India */,
				06E0EAD01600589E00185617 /* Frameworks */,
				06E0EACE1600589E00185617 /* Products */,
			);
			sourceTree = "<group>";
		};
		06E0EACE1600589E00185617 /* Products */ = {
			isa = PBXGroup;
			children = (
				06E0EACD1600589E00185617 /* Map-India.app */,
			);
			name = Products;
			sourceTree = "<group>";
		};
		06E0EAD01600589E00185617 /* Frameworks */ = {
			isa = PBXGroup;
			children = (
				069D817D16A92A88004605E1 /* SystemConfiguration.framework */,
				069D817B16A92960004605E1 /* StoreKit.framework */,
				069D817916A92959004605E1 /* Social.framework */,
				069D817716A9294E004605E1 /* Security.framework */,
				069D817516A92931004605E1 /* QuartzCore.framework */,
				069D817316A92920004605E1 /* MobileCoreServices.framework */,
				069D817116A92917004605E1 /* libz.1.1.3.dylib */,
				069D816F16A9290E004605E1 /* libsqlite3.dylib */,
				069D816D16A928E6004605E1 /* CFNetwork.framework */,
				069D816B16A928DB004605E1 /* AdSupport.framework */,
				069D816916A928CB004605E1 /* Accounts.framework */,
				069D816716A928C2004605E1 /* AudioToolbox.framework */,
				069D816516A9284C004605E1 /* Parse.framework */,
				28F58110160BA538001E642C /* Twitter.framework */,
				28F5810D160B9FCC001E642C /* MessageUI.framework */,
				06E0EAF01600598A00185617 /* MapKit.framework */,
				06E0EAEE1600598100185617 /* CoreLocation.framework */,
				06E0EAD11600589E00185617 /* UIKit.framework */,
				06E0EAD31600589E00185617 /* Foundation.framework */,
				06E0EAD51600589E00185617 /* CoreGraphics.framework */,
			);
			name = Frameworks;
			sourceTree = "<group>";
		};
		06E0EAD71600589E00185617 /* Map-India */ = {
			isa = PBXGroup;
			children = (
				069D818416A9554E004605E1 /* Avoid KeyBoard */,
				069D817F16A92A9A004605E1 /* Storyboard */,
				069D816316A92808004605E1 /* Parse Files */,
				0657A41016087C9700DA5B63 /* Location Get */,
				0625D1BD1604671600D239BF /* Annotation Deatail */,
				06CE761D1602FFEF005916DA /* Map-Data */,
				0608C2E11601DFA400E63E7B /* Search */,
				0649FDA21600C1ED00A16AC5 /* Setting */,
				061FAA8916009FE2001F8883 /* scroll */,
				06F03341160845F20016905A /* All-Category */,
				061FAA8716009FA8001F8883 /* Home-Delegate */,
				061FAA8516009F8D001F8883 /* Map-Point */,
				061FAA8816009FC7001F8883 /* resource */,
				06E0EAD81600589E00185617 /* Supporting Files */,
			);
			path = "Map-India";
			sourceTree = "<group>";
		};
		06E0EAD81600589E00185617 /* Supporting Files */ = {
			isa = PBXGroup;
			children = (
				06E0EAD91600589E00185617 /* Map-India-Info.plist */,
				06E0EADA1600589E00185617 /* InfoPlist.strings */,
				06E0EADD1600589E00185617 /* main.m */,
				06E0EADF1600589E00185617 /* Map-India-Prefix.pch */,
			);
			name = "Supporting Files";
			sourceTree = "<group>";
		};
		06F03341160845F20016905A /* All-Category */ = {
			isa = PBXGroup;
			children = (
				06CE76191602FD79005916DA /* MIMapDataViewController.h */,
				06CE761A1602FD79005916DA /* MIMapDataViewController.m */,
				06CE761E16030023005916DA /* MIDataClass.h */,
				06CE761F16030023005916DA /* MIDataClass.m */,
			);
			name = "All-Category";
			sourceTree = "<group>";
		};
/* End PBXGroup section */

/* Begin PBXNativeTarget section */
		06E0EACC1600589E00185617 /* Map-India */ = {
			isa = PBXNativeTarget;
			buildConfigurationList = 06E0EAEB1600589F00185617 /* Build configuration list for PBXNativeTarget "Map-India" */;
			buildPhases = (
				06E0EAC91600589E00185617 /* Sources */,
				06E0EACA1600589E00185617 /* Frameworks */,
				06E0EACB1600589E00185617 /* Resources */,
			);
			buildRules = (
			);
			dependencies = (
			);
			name = "Map-India";
			productName = "Map-India";
			productReference = 06E0EACD1600589E00185617 /* Map-India.app */;
			productType = "com.apple.product-type.application";
		};
/* End PBXNativeTarget section */

/* Begin PBXProject section */
		06E0EAC41600589E00185617 /* Project object */ = {
			isa = PBXProject;
			attributes = {
				CLASSPREFIX = MI;
				LastUpgradeCheck = 0430;
			};
			buildConfigurationList = 06E0EAC71600589E00185617 /* Build configuration list for PBXProject "Map-India" */;
			compatibilityVersion = "Xcode 3.2";
			developmentRegion = English;
			hasScannedForEncodings = 0;
			knownRegions = (
				en,
			);
			mainGroup = 06E0EAC21600589E00185617;
			productRefGroup = 06E0EACE1600589E00185617 /* Products */;
			projectDirPath = "";
			projectRoot = "";
			targets = (
				06E0EACC1600589E00185617 /* Map-India */,
			);
		};
/* End PBXProject section */

/* Begin PBXResourcesBuildPhase section */
		06E0EACB1600589E00185617 /* Resources */ = {
			isa = PBXResourcesBuildPhase;
			buildActionMask = 2147483647;
			files = (
				06E0EADC1600589E00185617 /* InfoPlist.strings in Resources */,
				06E0EAE51600589E00185617 /* MainStoryboard.storyboard in Resources */,
				0608C2F11601E67500E63E7B /* MISearchViewController.xib in Resources */,
				0625D1C81604925500D239BF /* Airport2.jpg in Resources */,
				068B876F160C4BE3003D655F /* icon_currentLocation.png in Resources */,
				068B8773160C5D5B003D655F /* location_map.png in Resources */,
				068B8774160C5D5B003D655F /* location_list.png in Resources */,
				068B8775160C5D5B003D655F /* direction.png in Resources */,
				068B8783160C6F35003D655F /* setting.png in Resources */,
				068B8786160C73B0003D655F /* btn_title.png in Resources */,
				068B878C160C8477003D655F /* share.png in Resources */,
				068B878D160C8477003D655F /* sms.png in Resources */,
				068B878E160C8477003D655F /* website.png in Resources */,
				068B8790160C8477003D655F /* phone.png in Resources */,
				068B8795160C86D3003D655F /* email.png in Resources */,
				068B8797160C8723003D655F /* tweet.png in Resources */,
				068B879D160C937C003D655F /* detail.png in Resources */,
				068B87AA160CA047003D655F /* icon.png in Resources */,
				068B87AC160CA04B003D655F /* icon@2x.png in Resources */,
				066EF09A163957C9002F9108 /* Default-568h@2x.png in Resources */,
			);
			runOnlyForDeploymentPostprocessing = 0;
		};
/* End PBXResourcesBuildPhase section */

/* Begin PBXSourcesBuildPhase section */
		06E0EAC91600589E00185617 /* Sources */ = {
			isa = PBXSourcesBuildPhase;
			buildActionMask = 2147483647;
			files = (
				06E0EADE1600589E00185617 /* main.m in Sources */,
				06E0EAE21600589E00185617 /* MIAppDelegate.m in Sources */,
				06E0EAE81600589F00185617 /* MIViewController.m in Sources */,
				061FAA7C16007865001F8883 /* MIMapPoint.m in Sources */,
				061FAA8C1600A008001F8883 /* MIScrollView.m in Sources */,
				0649FDA61600C21B00A16AC5 /* MISettingViewController.m in Sources */,
				0608C2F01601E67500E63E7B /* MISearchViewController.m in Sources */,
				0608C3041602011100E63E7B /* MISearchClass.m in Sources */,
				06CE761B1602FD79005916DA /* MIMapDataViewController.m in Sources */,
				06CE762016030023005916DA /* MIDataClass.m in Sources */,
				0625D1CB1604954C00D239BF /* MIAnnotationDetailViewController.m in Sources */,
				061ABF841604A7FC00F2BA5E /* MIAnnotationClass.m in Sources */,
				06F0333F160845EA0016905A /* MIHomeViewController.m in Sources */,
				0657A41416087CD900DA5B63 /* MIGetLocationViewController.m in Sources */,
				068220A11608961500760D2F /* MILocationClass.m in Sources */,
				069D818716A95570004605E1 /* TPKeyboardAvoidingScrollView.m in Sources */,
				069D818C16A95FA8004605E1 /* MISignUPViewController.m in Sources */,
				0686432216A9650900FDF94D /* PAWActivityView.m in Sources */,
			);
			runOnlyForDeploymentPostprocessing = 0;
		};
/* End PBXSourcesBuildPhase section */

/* Begin PBXVariantGroup section */
		06E0EADA1600589E00185617 /* InfoPlist.strings */ = {
			isa = PBXVariantGroup;
			children = (
				06E0EADB1600589E00185617 /* en */,
			);
			name = InfoPlist.strings;
			sourceTree = "<group>";
		};
		06E0EAE31600589E00185617 /* MainStoryboard.storyboard */ = {
			isa = PBXVariantGroup;
			children = (
				06E0EAE41600589E00185617 /* en */,
			);
			name = MainStoryboard.storyboard;
			sourceTree = "<group>";
		};
/* End PBXVariantGroup section */

/* Begin XCBuildConfiguration section */
		06E0EAE91600589F00185617 /* Debug */ = {
			isa = XCBuildConfiguration;
			buildSettings = {
				ALWAYS_SEARCH_USER_PATHS = NO;
				ARCHS = "$(ARCHS_STANDARD_32_BIT)";
				CLANG_ENABLE_OBJC_ARC = YES;
				CODE_SIGN_IDENTITY = "iPhone Developer: Scott Grote (QW2LRUS3PF)";
				"CODE_SIGN_IDENTITY[sdk=iphoneos*]" = "iPhone Developer: Scott Grote (QW2LRUS3PF)";
				COPY_PHASE_STRIP = NO;
				GCC_C_LANGUAGE_STANDARD = gnu99;
				GCC_DYNAMIC_NO_PIC = NO;
				GCC_OPTIMIZATION_LEVEL = 0;
				GCC_PREPROCESSOR_DEFINITIONS = (
					"DEBUG=1",
					"$(inherited)",
				);
				GCC_SYMBOLS_PRIVATE_EXTERN = NO;
				GCC_VERSION = com.apple.compilers.llvm.clang.1_0;
				GCC_WARN_ABOUT_RETURN_TYPE = YES;
				GCC_WARN_UNINITIALIZED_AUTOS = YES;
				GCC_WARN_UNUSED_VARIABLE = YES;
				IPHONEOS_DEPLOYMENT_TARGET = 5.1;
				PROVISIONING_PROFILE = "E558D70E-2843-4433-91EF-305193CB83A5";
				"PROVISIONING_PROFILE[sdk=iphoneos*]" = "E558D70E-2843-4433-91EF-305193CB83A5";
				SDKROOT = iphoneos;
				VALIDATE_PRODUCT = YES;
			};
			name = Debug;
		};
		06E0EAEA1600589F00185617 /* Release */ = {
			isa = XCBuildConfiguration;
			buildSettings = {
				ALWAYS_SEARCH_USER_PATHS = NO;
				ARCHS = "$(ARCHS_STANDARD_32_BIT)";
				CLANG_ENABLE_OBJC_ARC = YES;
				CODE_SIGN_IDENTITY = "iPhone Developer: Scott Grote (QW2LRUS3PF)";
				"CODE_SIGN_IDENTITY[sdk=iphoneos*]" = "iPhone Developer: Scott Grote (QW2LRUS3PF)";
				COPY_PHASE_STRIP = YES;
				GCC_C_LANGUAGE_STANDARD = gnu99;
				GCC_VERSION = com.apple.compilers.llvm.clang.1_0;
				GCC_WARN_ABOUT_RETURN_TYPE = YES;
				GCC_WARN_UNINITIALIZED_AUTOS = YES;
				GCC_WARN_UNUSED_VARIABLE = YES;
				IPHONEOS_DEPLOYMENT_TARGET = 5.1;
				OTHER_CFLAGS = "-DNS_BLOCK_ASSERTIONS=1";
				PROVISIONING_PROFILE = "E558D70E-2843-4433-91EF-305193CB83A5";
				"PROVISIONING_PROFILE[sdk=iphoneos*]" = "E558D70E-2843-4433-91EF-305193CB83A5";
				SDKROOT = iphoneos;
				VALIDATE_PRODUCT = YES;
			};
			name = Release;
		};
		06E0EAEC1600589F00185617 /* Debug */ = {
			isa = XCBuildConfiguration;
			buildSettings = {
				CODE_SIGN_IDENTITY = "iPhone Developer: Scott Grote (QW2LRUS3PF)";
				"CODE_SIGN_IDENTITY[sdk=iphoneos*]" = "iPhone Developer: Scott Grote (QW2LRUS3PF)";
				FRAMEWORK_SEARCH_PATHS = (
					"$(inherited)",
					"\"$(SRCROOT)/Map-India\"",
				);
				GCC_PRECOMPILE_PREFIX_HEADER = YES;
				GCC_PREFIX_HEADER = "Map-India/Map-India-Prefix.pch";
				INFOPLIST_FILE = "Map-India/Map-India-Info.plist";
				PRODUCT_NAME = "$(TARGET_NAME)";
				PROVISIONING_PROFILE = "E558D70E-2843-4433-91EF-305193CB83A5";
				"PROVISIONING_PROFILE[sdk=iphoneos*]" = "E558D70E-2843-4433-91EF-305193CB83A5";
				WRAPPER_EXTENSION = app;
			};
			name = Debug;
		};
		06E0EAED1600589F00185617 /* Release */ = {
			isa = XCBuildConfiguration;
			buildSettings = {
				CODE_SIGN_IDENTITY = "iPhone Developer: Scott Grote (QW2LRUS3PF)";
				"CODE_SIGN_IDENTITY[sdk=iphoneos*]" = "iPhone Developer: Scott Grote (QW2LRUS3PF)";
				FRAMEWORK_SEARCH_PATHS = (
					"$(inherited)",
					"\"$(SRCROOT)/Map-India\"",
				);
				GCC_PRECOMPILE_PREFIX_HEADER = YES;
				GCC_PREFIX_HEADER = "Map-India/Map-India-Prefix.pch";
				INFOPLIST_FILE = "Map-India/Map-India-Info.plist";
				PRODUCT_NAME = "$(TARGET_NAME)";
				PROVISIONING_PROFILE = "E558D70E-2843-4433-91EF-305193CB83A5";
				"PROVISIONING_PROFILE[sdk=iphoneos*]" = "E558D70E-2843-4433-91EF-305193CB83A5";
				WRAPPER_EXTENSION = app;
			};
			name = Release;
		};
/* End XCBuildConfiguration section */

/* Begin XCConfigurationList section */
		06E0EAC71600589E00185617 /* Build configuration list for PBXProject "Map-India" */ = {
			isa = XCConfigurationList;
			buildConfigurations = (
				06E0EAE91600589F00185617 /* Debug */,
				06E0EAEA1600589F00185617 /* Release */,
			);
			defaultConfigurationIsVisible = 0;
			defaultConfigurationName = Release;
		};
		06E0EAEB1600589F00185617 /* Build configuration list for PBXNativeTarget "Map-India" */ = {
			isa = XCConfigurationList;
			buildConfigurations = (
				06E0EAEC1600589F00185617 /* Debug */,
				06E0EAED1600589F00185617 /* Release */,
			);
			defaultConfigurationIsVisible = 0;
			defaultConfigurationName = Release;
		};
/* End XCConfigurationList section */
	};
	rootObject = 06E0EAC41600589E00185617 /* Project object */;
}
