// !$*UTF8*$!
{
	archiveVersion = 1;
	classes = {
	};
	objectVersion = 46;
	objects = {

/* Begin PBXBuildFile section */
		06E0EAD21600589E00185617 /* UIKit.framework in Frameworks */ = {isa = PBXBuildFile; fileRef = 06E0EAD11600589E00185617 /* UIKit.framework */; };
		06E0EAD41600589E00185617 /* Foundation.framework in Frameworks */ = {isa = PBXBuildFile; fileRef = 06E0EAD31600589E00185617 /* Foundation.framework */; };
		06E0EAD61600589E00185617 /* CoreGraphics.framework in Frameworks */ = {isa = PBXBuildFile; fileRef = 06E0EAD51600589E00185617 /* CoreGraphics.framework */; };
		06E0EADC1600589E00185617 /* InfoPlist.strings in Resources */ = {isa = PBXBuildFile; fileRef = 06E0EADA1600589E00185617 /* InfoPlist.strings */; };
		06E0EADE1600589E00185617 /* main.m in Sources */ = {isa = PBXBuildFile; fileRef = 06E0EADD1600589E00185617 /* main.m */; };
		06E0EAE21600589E00185617 /* MIAppDelegate.m in Sources */ = {isa = PBXBuildFile; fileRef = 06E0EAE11600589E00185617 /* MIAppDelegate.m */; };
		06E0EAE51600589E00185617 /* MainStoryboard.storyboard in Resources */ = {isa = PBXBuildFile; fileRef = 06E0EAE31600589E00185617 /* MainStoryboard.storyboard */; };
		06E0EAE81600589F00185617 /* MIViewController.m in Sources */ = {isa = PBXBuildFile; fileRef = 06E0EAE71600589F00185617 /* MIViewController.m */; };
/* End PBXBuildFile section */

/* Begin PBXFileReference section */
		06E0EACD1600589E00185617 /* Map-India.app */ = {isa = PBXFileReference; explicitFileType = wrapper.application; includeInIndex = 0; path = "Map-India.app"; sourceTree = BUILT_PRODUCTS_DIR; };
		06E0EAD11600589E00185617 /* UIKit.framework */ = {isa = PBXFileReference; lastKnownFileType = wrapper.framework; name = UIKit.framework; path = System/Library/Frameworks/UIKit.framework; sourceTree = SDKROOT; };
		06E0EAD31600589E00185617 /* Foundation.framework */ = {isa = PBXFileReference; lastKnownFileType = wrapper.framework; name = Foundation.framework; path = System/Library/Frameworks/Foundation.framework; sourceTree = SDKROOT; };
		06E0EAD51600589E00185617 /* CoreGraphics.framework */ = {isa = PBXFileReference; lastKnownFileType = wrapper.framework; name = CoreGraphics.framework; path = System/Library/Frameworks/CoreGraphics.framework; sourceTree = SDKROOT; };
		06E0EAD91600589E00185617 /* Map-India-Info.plist */ = {isa = PBXFileReference; path = "Map-India-Info.plist"; sourceTree = "<group>"; };
		06E0EADB1600589E00185617 /* en */ = {isa = PBXFileReference; lastKnownFileType = text.plist.strings; name = en; path = en.lproj/InfoPlist.strings; sourceTree = "<group>"; };
		06E0EADD1600589E00185617 /* main.m */ = {isa = PBXFileReference; lastKnownFileType = sourcecode.c.objc; path = main.m; sourceTree = "<group>"; };
		06E0EADF1600589E00185617 /* Map-India-Prefix.pch */ = {isa = PBXFileReference; path = "Map-India-Prefix.pch"; sourceTree = "<group>"; };
		06E0EAE01600589E00185617 /* MIAppDelegate.h */ = {isa = PBXFileReference; path = MIAppDelegate.h; sourceTree = "<group>"; };
		06E0EAE11600589E00185617 /* MIAppDelegate.m */ = {isa = PBXFileReference; lastKnownFileType = sourcecode.c.objc; path = MIAppDelegate.m; sourceTree = "<group>"; };
		06E0EAE41600589E00185617 /* en */ = {isa = PBXFileReference; lastKnownFileType = file.storyboard; name = en; path = en.lproj/MainStoryboard.storyboard; sourceTree = "<group>"; };
		06E0EAE61600589F00185617 /* MIViewController.h */ = {isa = PBXFileReference; path = MIViewController.h; sourceTree = "<group>"; };
		06E0EAE71600589F00185617 /* MIViewController.m */ = {isa = PBXFileReference; lastKnownFileType = sourcecode.c.objc; path = MIViewController.m; sourceTree = "<group>"; };
/* End PBXFileReference section */

/* Begin PBXFrameworksBuildPhase section */
		06E0EACA1600589E00185617 /* Frameworks */ = {
			isa = PBXFrameworksBuildPhase;
			buildActionMask = 2147483647;
			files = (
				06E0EAD21600589E00185617 /* UIKit.framework in Frameworks */,
				06E0EAD41600589E00185617 /* Foundation.framework in Frameworks */,
				06E0EAD61600589E00185617 /* CoreGraphics.framework in Frameworks */,
			);
			runOnlyForDeploymentPostprocessing = 0;
		};
/* End PBXFrameworksBuildPhase section */

/* Begin PBXGroup section */
		06E0EAC21600589E00185617 = {
			isa = PBXGroup;
			children = (
				06E0EAD71600589E00185617 /* Map-India */,
				06E0EAD01600589E00185617 /* Frameworks */,
				06E0EACE1600589E00185617 /* Products */,
			);
			sourceTree = "<group>";
		};
		06E0EACE1600589E00185617 /* Products */ = {
			isa = PBXGroup;
			children = (
				06E0EACD1600589E00185617 /* Map-India.app */,
			);
			name = Products;
			sourceTree = "<group>";
		};
		06E0EAD01600589E00185617 /* Frameworks */ = {
			isa = PBXGroup;
			children = (
				06E0EAD11600589E00185617 /* UIKit.framework */,
				06E0EAD31600589E00185617 /* Foundation.framework */,
				06E0EAD51600589E00185617 /* CoreGraphics.framework */,
			);
			name = Frameworks;
			sourceTree = "<group>";
		};
		06E0EAD71600589E00185617 /* Map-India */ = {
			isa = PBXGroup;
			children = (
				06E0EAE01600589E00185617 /* MIAppDelegate.h */,
				06E0EAE11600589E00185617 /* MIAppDelegate.m */,
				06E0EAE31600589E00185617 /* MainStoryboard.storyboard */,
				06E0EAE61600589F00185617 /* MIViewController.h */,
				06E0EAE71600589F00185617 /* MIViewController.m */,
				06E0EAD81600589E00185617 /* Supporting Files */,
			);
			path = "Map-India";
			sourceTree = "<group>";
		};
		06E0EAD81600589E00185617 /* Supporting Files */ = {
			isa = PBXGroup;
			children = (
				06E0EAD91600589E00185617 /* Map-India-Info.plist */,
				06E0EADA1600589E00185617 /* InfoPlist.strings */,
				06E0EADD1600589E00185617 /* main.m */,
				06E0EADF1600589E00185617 /* Map-India-Prefix.pch */,
			);
			name = "Supporting Files";
			sourceTree = "<group>";
		};
/* End PBXGroup section */

/* Begin PBXNativeTarget section */
		06E0EACC1600589E00185617 /* Map-India */ = {
			isa = PBXNativeTarget;
			buildConfigurationList = 06E0EAEB1600589F00185617 /* Build configuration list for PBXNativeTarget "Map-India" */;
			buildPhases = (
				06E0EAC91600589E00185617 /* Sources */,
				06E0EACA1600589E00185617 /* Frameworks */,
				06E0EACB1600589E00185617 /* Resources */,
			);
			buildRules = (
			);
			dependencies = (
			);
			name = "Map-India";
			productName = "Map-India";
			productReference = 06E0EACD1600589E00185617 /* Map-India.app */;
			productType = "com.apple.product-type.application";
		};
/* End PBXNativeTarget section */

/* Begin PBXProject section */
		06E0EAC41600589E00185617 /* Project object */ = {
			isa = PBXProject;
			attributes = {
				CLASSPREFIX = MI;
				LastUpgradeCheck = 0430;
			};
			buildConfigurationList = 06E0EAC71600589E00185617 /* Build configuration list for PBXProject "Map-India" */;
			compatibilityVersion = "Xcode 3.2";
			developmentRegion = English;
			hasScannedForEncodings = 0;
			knownRegions = (
				en,
			);
			mainGroup = 06E0EAC21600589E00185617;
			productRefGroup = 06E0EACE1600589E00185617 /* Products */;
			projectDirPath = "";
			projectRoot = "";
			targets = (
				06E0EACC1600589E00185617 /* Map-India */,
			);
		};
/* End PBXProject section */

/* Begin PBXResourcesBuildPhase section */
		06E0EACB1600589E00185617 /* Resources */ = {
			isa = PBXResourcesBuildPhase;
			buildActionMask = 2147483647;
			files = (
				06E0EADC1600589E00185617 /* InfoPlist.strings in Resources */,
				06E0EAE51600589E00185617 /* MainStoryboard.storyboard in Resources */,
			);
			runOnlyForDeploymentPostprocessing = 0;
		};
/* End PBXResourcesBuildPhase section */

/* Begin PBXSourcesBuildPhase section */
		06E0EAC91600589E00185617 /* Sources */ = {
			isa = PBXSourcesBuildPhase;
			buildActionMask = 2147483647;
			files = (
				06E0EADE1600589E00185617 /* main.m in Sources */,
				06E0EAE21600589E00185617 /* MIAppDelegate.m in Sources */,
				06E0EAE81600589F00185617 /* MIViewController.m in Sources */,
			);
			runOnlyForDeploymentPostprocessing = 0;
		};
/* End PBXSourcesBuildPhase section */

/* Begin PBXVariantGroup section */
		06E0EADA1600589E00185617 /* InfoPlist.strings */ = {
			isa = PBXVariantGroup;
			children = (
				06E0EADB1600589E00185617 /* en */,
			);
			name = InfoPlist.strings;
			sourceTree = "<group>";
		};
		06E0EAE31600589E00185617 /* MainStoryboard.storyboard */ = {
			isa = PBXVariantGroup;
			children = (
				06E0EAE41600589E00185617 /* en */,
			);
			name = MainStoryboard.storyboard;
			sourceTree = "<group>";
		};
/* End PBXVariantGroup section */

/* Begin XCBuildConfiguration section */
		06E0EAE91600589F00185617 /* Debug */ = {
			isa = XCBuildConfiguration;
			buildSettings = {
				ALWAYS_SEARCH_USER_PATHS = NO;
				ARCHS = "$(ARCHS_STANDARD_32_BIT)";
				CLANG_ENABLE_OBJC_ARC = YES;
				"CODE_SIGN_IDENTITY[sdk=iphoneos*]" = "iPhone Developer";
				COPY_PHASE_STRIP = NO;
				GCC_C_LANGUAGE_STANDARD = gnu99;
				GCC_DYNAMIC_NO_PIC = NO;
				GCC_OPTIMIZATION_LEVEL = 0;
				GCC_PREPROCESSOR_DEFINITIONS = (
					"DEBUG=1",
					"$(inherited)",
				);
				GCC_SYMBOLS_PRIVATE_EXTERN = NO;
				GCC_VERSION = com.apple.compilers.llvm.clang.1_0;
				GCC_WARN_ABOUT_RETURN_TYPE = YES;
				GCC_WARN_UNINITIALIZED_AUTOS = YES;
				GCC_WARN_UNUSED_VARIABLE = YES;
				IPHONEOS_DEPLOYMENT_TARGET = 5.1;
				SDKROOT = iphoneos;
			};
			name = Debug;
		};
		06E0EAEA1600589F00185617 /* Release */ = {
			isa = XCBuildConfiguration;
			buildSettings = {
				ALWAYS_SEARCH_USER_PATHS = NO;
				ARCHS = "$(ARCHS_STANDARD_32_BIT)";
				CLANG_ENABLE_OBJC_ARC = YES;
				"CODE_SIGN_IDENTITY[sdk=iphoneos*]" = "iPhone Developer";
				COPY_PHASE_STRIP = YES;
				GCC_C_LANGUAGE_STANDARD = gnu99;
				GCC_VERSION = com.apple.compilers.llvm.clang.1_0;
				GCC_WARN_ABOUT_RETURN_TYPE = YES;
				GCC_WARN_UNINITIALIZED_AUTOS = YES;
				GCC_WARN_UNUSED_VARIABLE = YES;
				IPHONEOS_DEPLOYMENT_TARGET = 5.1;
				OTHER_CFLAGS = "-DNS_BLOCK_ASSERTIONS=1";
				SDKROOT = iphoneos;
				VALIDATE_PRODUCT = YES;
			};
			name = Release;
		};
		06E0EAEC1600589F00185617 /* Debug */ = {
			isa = XCBuildConfiguration;
			buildSettings = {
				GCC_PRECOMPILE_PREFIX_HEADER = YES;
				GCC_PREFIX_HEADER = "Map-India/Map-India-Prefix.pch";
				INFOPLIST_FILE = "Map-India/Map-India-Info.plist";
				PRODUCT_NAME = "$(TARGET_NAME)";
				WRAPPER_EXTENSION = app;
			};
			name = Debug;
		};
		06E0EAED1600589F00185617 /* Release */ = {
			isa = XCBuildConfiguration;
			buildSettings = {
				GCC_PRECOMPILE_PREFIX_HEADER = YES;
				GCC_PREFIX_HEADER = "Map-India/Map-India-Prefix.pch";
				INFOPLIST_FILE = "Map-India/Map-India-Info.plist";
				PRODUCT_NAME = "$(TARGET_NAME)";
				WRAPPER_EXTENSION = app;
			};
			name = Release;
		};
/* End XCBuildConfiguration section */

/* Begin XCConfigurationList section */
		06E0EAC71600589E00185617 /* Build configuration list for PBXProject "Map-India" */ = {
			isa = XCConfigurationList;
			buildConfigurations = (
				06E0EAE91600589F00185617 /* Debug */,
				06E0EAEA1600589F00185617 /* Release */,
			);
			defaultConfigurationIsVisible = 0;
			defaultConfigurationName = Release;
		};
		06E0EAEB1600589F00185617 /* Build configuration list for PBXNativeTarget "Map-India" */ = {
			isa = XCConfigurationList;
			buildConfigurations = (
				06E0EAEC1600589F00185617 /* Debug */,
				06E0EAED1600589F00185617 /* Release */,
			);
			defaultConfigurationIsVisible = 0;
		};
/* End XCConfigurationList section */
	};
	rootObject = 06E0EAC41600589E00185617 /* Project object */;
}
